
Microsoft Visual Studio Solution File, Format Version 12.00
# Visual Studio 2013
VisualStudioVersion = 12.0.31101.0
MinimumVisualStudioVersion = 10.0.40219.1
Project("{FAE04EC0-301F-11D3-BF4B-00C04F79EFBC}") = "Translator", "Translator\Translator\Translator.csproj", "{FBCA9309-BFF2-467F-B230-DD2FB117AFD5}"
EndProject
Project("{FAE04EC0-301F-11D3-BF4B-00C04F79EFBC}") = "Translator.iOS", "Translator\Translator.iOS\Translator.iOS.csproj", "{FDDE61C2-A810-4F8F-920C-6081F02BCA4B}"
EndProject
Project("{FAE04EC0-301F-11D3-BF4B-00C04F79EFBC}") = "Translator.Droid", "Translator\Translator.Droid\Translator.Droid.csproj", "{2CA8CA02-1627-4CF9-85C4-E95E589D1F4A}"
EndProject
Project("{FAE04EC0-301F-11D3-BF4B-00C04F79EFBC}") = "Translator.WinPhone", "Translator\Translator.WinPhone\Translator.WinPhone.csproj", "{43CD3BD2-3DAC-42DB-B224-EA58279D6266}"
EndProject
Global
	GlobalSection(SolutionConfigurationPlatforms) = preSolution
		Ad-Hoc|Any CPU = Ad-Hoc|Any CPU
		Ad-Hoc|ARM = Ad-Hoc|ARM
		Ad-Hoc|iPhone = Ad-Hoc|iPhone
		Ad-Hoc|iPhoneSimulator = Ad-Hoc|iPhoneSimulator
		Ad-Hoc|Mixed Platforms = Ad-Hoc|Mixed Platforms
		Ad-Hoc|x86 = Ad-Hoc|x86
		AppStore|Any CPU = AppStore|Any CPU
		AppStore|ARM = AppStore|ARM
		AppStore|iPhone = AppStore|iPhone
		AppStore|iPhoneSimulator = AppStore|iPhoneSimulator
		AppStore|Mixed Platforms = AppStore|Mixed Platforms
		AppStore|x86 = AppStore|x86
		Debug|Any CPU = Debug|Any CPU
		Debug|ARM = Debug|ARM
		Debug|iPhone = Debug|iPhone
		Debug|iPhoneSimulator = Debug|iPhoneSimulator
		Debug|Mixed Platforms = Debug|Mixed Platforms
		Debug|x86 = Debug|x86
		Release|Any CPU = Release|Any CPU
		Release|ARM = Release|ARM
		Release|iPhone = Release|iPhone
		Release|iPhoneSimulator = Release|iPhoneSimulator
		Release|Mixed Platforms = Release|Mixed Platforms
		Release|x86 = Release|x86
	EndGlobalSection
	GlobalSection(ProjectConfigurationPlatforms) = postSolution
		{FBCA9309-BFF2-467F-B230-DD2FB117AFD5}.Ad-Hoc|Any CPU.ActiveCfg = Release|Any CPU
		{FBCA9309-BFF2-467F-B230-DD2FB117AFD5}.Ad-Hoc|Any CPU.Build.0 = Release|Any CPU
		{FBCA9309-BFF2-467F-B230-DD2FB117AFD5}.Ad-Hoc|ARM.ActiveCfg = Release|Any CPU
		{FBCA9309-BFF2-467F-B230-DD2FB117AFD5}.Ad-Hoc|iPhone.ActiveCfg = Release|Any CPU
		{FBCA9309-BFF2-467F-B230-DD2FB117AFD5}.Ad-Hoc|iPhoneSimulator.ActiveCfg = Release|Any CPU
		{FBCA9309-BFF2-467F-B230-DD2FB117AFD5}.Ad-Hoc|Mixed Platforms.ActiveCfg = Release|Any CPU
		{FBCA9309-BFF2-467F-B230-DD2FB117AFD5}.Ad-Hoc|Mixed Platforms.Build.0 = Release|Any CPU
		{FBCA9309-BFF2-467F-B230-DD2FB117AFD5}.Ad-Hoc|x86.ActiveCfg = Release|Any CPU
		{FBCA9309-BFF2-467F-B230-DD2FB117AFD5}.AppStore|Any CPU.ActiveCfg = Release|Any CPU
		{FBCA9309-BFF2-467F-B230-DD2FB117AFD5}.AppStore|Any CPU.Build.0 = Release|Any CPU
		{FBCA9309-BFF2-467F-B230-DD2FB117AFD5}.AppStore|ARM.ActiveCfg = Release|Any CPU
		{FBCA9309-BFF2-467F-B230-DD2FB117AFD5}.AppStore|iPhone.ActiveCfg = Release|Any CPU
		{FBCA9309-BFF2-467F-B230-DD2FB117AFD5}.AppStore|iPhoneSimulator.ActiveCfg = Release|Any CPU
		{FBCA9309-BFF2-467F-B230-DD2FB117AFD5}.AppStore|Mixed Platforms.ActiveCfg = Release|Any CPU
		{FBCA9309-BFF2-467F-B230-DD2FB117AFD5}.AppStore|Mixed Platforms.Build.0 = Release|Any CPU
		{FBCA9309-BFF2-467F-B230-DD2FB117AFD5}.AppStore|x86.ActiveCfg = Release|Any CPU
		{FBCA9309-BFF2-467F-B230-DD2FB117AFD5}.Debug|Any CPU.ActiveCfg = Debug|Any CPU
		{FBCA9309-BFF2-467F-B230-DD2FB117AFD5}.Debug|Any CPU.Build.0 = Debug|Any CPU
		{FBCA9309-BFF2-467F-B230-DD2FB117AFD5}.Debug|ARM.ActiveCfg = Debug|Any CPU
		{FBCA9309-BFF2-467F-B230-DD2FB117AFD5}.Debug|iPhone.ActiveCfg = Debug|Any CPU
		{FBCA9309-BFF2-467F-B230-DD2FB117AFD5}.Debug|iPhoneSimulator.ActiveCfg = Debug|Any CPU
		{FBCA9309-BFF2-467F-B230-DD2FB117AFD5}.Debug|Mixed Platforms.ActiveCfg = Debug|Any CPU
		{FBCA9309-BFF2-467F-B230-DD2FB117AFD5}.Debug|Mixed Platforms.Build.0 = Debug|Any CPU
		{FBCA9309-BFF2-467F-B230-DD2FB117AFD5}.Debug|x86.ActiveCfg = Debug|Any CPU
		{FBCA9309-BFF2-467F-B230-DD2FB117AFD5}.Release|Any CPU.ActiveCfg = Release|Any CPU
		{FBCA9309-BFF2-467F-B230-DD2FB117AFD5}.Release|Any CPU.Build.0 = Release|Any CPU
		{FBCA9309-BFF2-467F-B230-DD2FB117AFD5}.Release|ARM.ActiveCfg = Release|Any CPU
		{FBCA9309-BFF2-467F-B230-DD2FB117AFD5}.Release|iPhone.ActiveCfg = Release|Any CPU
		{FBCA9309-BFF2-467F-B230-DD2FB117AFD5}.Release|iPhoneSimulator.ActiveCfg = Release|Any CPU
		{FBCA9309-BFF2-467F-B230-DD2FB117AFD5}.Release|Mixed Platforms.ActiveCfg = Release|Any CPU
		{FBCA9309-BFF2-467F-B230-DD2FB117AFD5}.Release|Mixed Platforms.Build.0 = Release|Any CPU
		{FBCA9309-BFF2-467F-B230-DD2FB117AFD5}.Release|x86.ActiveCfg = Release|Any CPU
		{FDDE61C2-A810-4F8F-920C-6081F02BCA4B}.Ad-Hoc|Any CPU.ActiveCfg = Ad-Hoc|iPhone
		{FDDE61C2-A810-4F8F-920C-6081F02BCA4B}.Ad-Hoc|ARM.ActiveCfg = Ad-Hoc|iPhone
		{FDDE61C2-A810-4F8F-920C-6081F02BCA4B}.Ad-Hoc|iPhone.ActiveCfg = Ad-Hoc|iPhone
		{FDDE61C2-A810-4F8F-920C-6081F02BCA4B}.Ad-Hoc|iPhone.Build.0 = Ad-Hoc|iPhone
		{FDDE61C2-A810-4F8F-920C-6081F02BCA4B}.Ad-Hoc|iPhoneSimulator.ActiveCfg = Ad-Hoc|iPhoneSimulator
		{FDDE61C2-A810-4F8F-920C-6081F02BCA4B}.Ad-Hoc|iPhoneSimulator.Build.0 = Ad-Hoc|iPhoneSimulator
		{FDDE61C2-A810-4F8F-920C-6081F02BCA4B}.Ad-Hoc|Mixed Platforms.ActiveCfg = Ad-Hoc|iPhone
		{FDDE61C2-A810-4F8F-920C-6081F02BCA4B}.Ad-Hoc|Mixed Platforms.Build.0 = Ad-Hoc|iPhone
		{FDDE61C2-A810-4F8F-920C-6081F02BCA4B}.Ad-Hoc|x86.ActiveCfg = Ad-Hoc|iPhone
		{FDDE61C2-A810-4F8F-920C-6081F02BCA4B}.AppStore|Any CPU.ActiveCfg = AppStore|iPhone
		{FDDE61C2-A810-4F8F-920C-6081F02BCA4B}.AppStore|ARM.ActiveCfg = AppStore|iPhone
		{FDDE61C2-A810-4F8F-920C-6081F02BCA4B}.AppStore|iPhone.ActiveCfg = AppStore|iPhone
		{FDDE61C2-A810-4F8F-920C-6081F02BCA4B}.AppStore|iPhone.Build.0 = AppStore|iPhone
		{FDDE61C2-A810-4F8F-920C-6081F02BCA4B}.AppStore|iPhoneSimulator.ActiveCfg = AppStore|iPhoneSimulator
		{FDDE61C2-A810-4F8F-920C-6081F02BCA4B}.AppStore|iPhoneSimulator.Build.0 = AppStore|iPhoneSimulator
		{FDDE61C2-A810-4F8F-920C-6081F02BCA4B}.AppStore|Mixed Platforms.ActiveCfg = AppStore|iPhone
		{FDDE61C2-A810-4F8F-920C-6081F02BCA4B}.AppStore|Mixed Platforms.Build.0 = AppStore|iPhone
		{FDDE61C2-A810-4F8F-920C-6081F02BCA4B}.AppStore|x86.ActiveCfg = AppStore|iPhone
		{FDDE61C2-A810-4F8F-920C-6081F02BCA4B}.Debug|Any CPU.ActiveCfg = Debug|iPhone
		{FDDE61C2-A810-4F8F-920C-6081F02BCA4B}.Debug|ARM.ActiveCfg = Debug|iPhone
		{FDDE61C2-A810-4F8F-920C-6081F02BCA4B}.Debug|iPhone.ActiveCfg = Debug|iPhone
		{FDDE61C2-A810-4F8F-920C-6081F02BCA4B}.Debug|iPhone.Build.0 = Debug|iPhone
		{FDDE61C2-A810-4F8F-920C-6081F02BCA4B}.Debug|iPhoneSimulator.ActiveCfg = Debug|iPhoneSimulator
		{FDDE61C2-A810-4F8F-920C-6081F02BCA4B}.Debug|iPhoneSimulator.Build.0 = Debug|iPhoneSimulator
		{FDDE61C2-A810-4F8F-920C-6081F02BCA4B}.Debug|Mixed Platforms.ActiveCfg = Debug|iPhone
		{FDDE61C2-A810-4F8F-920C-6081F02BCA4B}.Debug|Mixed Platforms.Build.0 = Debug|iPhone
		{FDDE61C2-A810-4F8F-920C-6081F02BCA4B}.Debug|x86.ActiveCfg = Debug|iPhone
		{FDDE61C2-A810-4F8F-920C-6081F02BCA4B}.Release|Any CPU.ActiveCfg = Release|iPhone
		{FDDE61C2-A810-4F8F-920C-6081F02BCA4B}.Release|ARM.ActiveCfg = Release|iPhone
		{FDDE61C2-A810-4F8F-920C-6081F02BCA4B}.Release|iPhone.ActiveCfg = Release|iPhone
		{FDDE61C2-A810-4F8F-920C-6081F02BCA4B}.Release|iPhone.Build.0 = Release|iPhone
		{FDDE61C2-A810-4F8F-920C-6081F02BCA4B}.Release|iPhoneSimulator.ActiveCfg = Release|iPhoneSimulator
		{FDDE61C2-A810-4F8F-920C-6081F02BCA4B}.Release|iPhoneSimulator.Build.0 = Release|iPhoneSimulator
		{FDDE61C2-A810-4F8F-920C-6081F02BCA4B}.Release|Mixed Platforms.ActiveCfg = Release|iPhone
		{FDDE61C2-A810-4F8F-920C-6081F02BCA4B}.Release|Mixed Platforms.Build.0 = Release|iPhone
		{FDDE61C2-A810-4F8F-920C-6081F02BCA4B}.Release|x86.ActiveCfg = Release|iPhone
		{2CA8CA02-1627-4CF9-85C4-E95E589D1F4A}.Ad-Hoc|Any CPU.ActiveCfg = Release|Any CPU
		{2CA8CA02-1627-4CF9-85C4-E95E589D1F4A}.Ad-Hoc|Any CPU.Build.0 = Release|Any CPU
		{2CA8CA02-1627-4CF9-85C4-E95E589D1F4A}.Ad-Hoc|Any CPU.Deploy.0 = Release|Any CPU
		{2CA8CA02-1627-4CF9-85C4-E95E589D1F4A}.Ad-Hoc|ARM.ActiveCfg = Release|Any CPU
		{2CA8CA02-1627-4CF9-85C4-E95E589D1F4A}.Ad-Hoc|iPhone.ActiveCfg = Release|Any CPU
		{2CA8CA02-1627-4CF9-85C4-E95E589D1F4A}.Ad-Hoc|iPhoneSimulator.ActiveCfg = Release|Any CPU
		{2CA8CA02-1627-4CF9-85C4-E95E589D1F4A}.Ad-Hoc|Mixed Platforms.ActiveCfg = Release|Any CPU
		{2CA8CA02-1627-4CF9-85C4-E95E589D1F4A}.Ad-Hoc|Mixed Platforms.Build.0 = Release|Any CPU
		{2CA8CA02-1627-4CF9-85C4-E95E589D1F4A}.Ad-Hoc|Mixed Platforms.Deploy.0 = Release|Any CPU
		{2CA8CA02-1627-4CF9-85C4-E95E589D1F4A}.Ad-Hoc|x86.ActiveCfg = Release|Any CPU
		{2CA8CA02-1627-4CF9-85C4-E95E589D1F4A}.AppStore|Any CPU.ActiveCfg = Release|Any CPU
		{2CA8CA02-1627-4CF9-85C4-E95E589D1F4A}.AppStore|Any CPU.Build.0 = Release|Any CPU
		{2CA8CA02-1627-4CF9-85C4-E95E589D1F4A}.AppStore|Any CPU.Deploy.0 = Release|Any CPU
		{2CA8CA02-1627-4CF9-85C4-E95E589D1F4A}.AppStore|ARM.ActiveCfg = Release|Any CPU
		{2CA8CA02-1627-4CF9-85C4-E95E589D1F4A}.AppStore|iPhone.ActiveCfg = Release|Any CPU
		{2CA8CA02-1627-4CF9-85C4-E95E589D1F4A}.AppStore|iPhoneSimulator.ActiveCfg = Release|Any CPU
		{2CA8CA02-1627-4CF9-85C4-E95E589D1F4A}.AppStore|Mixed Platforms.ActiveCfg = Release|Any CPU
		{2CA8CA02-1627-4CF9-85C4-E95E589D1F4A}.AppStore|Mixed Platforms.Build.0 = Release|Any CPU
		{2CA8CA02-1627-4CF9-85C4-E95E589D1F4A}.AppStore|Mixed Platforms.Deploy.0 = Release|Any CPU
		{2CA8CA02-1627-4CF9-85C4-E95E589D1F4A}.AppStore|x86.ActiveCfg = Release|Any CPU
		{2CA8CA02-1627-4CF9-85C4-E95E589D1F4A}.Debug|Any CPU.ActiveCfg = Debug|Any CPU
		{2CA8CA02-1627-4CF9-85C4-E95E589D1F4A}.Debug|Any CPU.Build.0 = Debug|Any CPU
		{2CA8CA02-1627-4CF9-85C4-E95E589D1F4A}.Debug|Any CPU.Deploy.0 = Debug|Any CPU
		{2CA8CA02-1627-4CF9-85C4-E95E589D1F4A}.Debug|ARM.ActiveCfg = Debug|Any CPU
		{2CA8CA02-1627-4CF9-85C4-E95E589D1F4A}.Debug|iPhone.ActiveCfg = Debug|Any CPU
		{2CA8CA02-1627-4CF9-85C4-E95E589D1F4A}.Debug|iPhoneSimulator.ActiveCfg = Debug|Any CPU
		{2CA8CA02-1627-4CF9-85C4-E95E589D1F4A}.Debug|Mixed Platforms.ActiveCfg = Debug|Any CPU
		{2CA8CA02-1627-4CF9-85C4-E95E589D1F4A}.Debug|Mixed Platforms.Build.0 = Debug|Any CPU
		{2CA8CA02-1627-4CF9-85C4-E95E589D1F4A}.Debug|Mixed Platforms.Deploy.0 = Debug|Any CPU
		{2CA8CA02-1627-4CF9-85C4-E95E589D1F4A}.Debug|x86.ActiveCfg = Debug|Any CPU
		{2CA8CA02-1627-4CF9-85C4-E95E589D1F4A}.Release|Any CPU.ActiveCfg = Release|Any CPU
		{2CA8CA02-1627-4CF9-85C4-E95E589D1F4A}.Release|Any CPU.Build.0 = Release|Any CPU
		{2CA8CA02-1627-4CF9-85C4-E95E589D1F4A}.Release|Any CPU.Deploy.0 = Release|Any CPU
		{2CA8CA02-1627-4CF9-85C4-E95E589D1F4A}.Release|ARM.ActiveCfg = Release|Any CPU
		{2CA8CA02-1627-4CF9-85C4-E95E589D1F4A}.Release|iPhone.ActiveCfg = Release|Any CPU
		{2CA8CA02-1627-4CF9-85C4-E95E589D1F4A}.Release|iPhoneSimulator.ActiveCfg = Release|Any CPU
		{2CA8CA02-1627-4CF9-85C4-E95E589D1F4A}.Release|Mixed Platforms.ActiveCfg = Release|Any CPU
		{2CA8CA02-1627-4CF9-85C4-E95E589D1F4A}.Release|Mixed Platforms.Build.0 = Release|Any CPU
		{2CA8CA02-1627-4CF9-85C4-E95E589D1F4A}.Release|Mixed Platforms.Deploy.0 = Release|Any CPU
		{2CA8CA02-1627-4CF9-85C4-E95E589D1F4A}.Release|x86.ActiveCfg = Release|Any CPU
		{43CD3BD2-3DAC-42DB-B224-EA58279D6266}.Ad-Hoc|Any CPU.ActiveCfg = Release|Any CPU
		{43CD3BD2-3DAC-42DB-B224-EA58279D6266}.Ad-Hoc|Any CPU.Build.0 = Release|Any CPU
		{43CD3BD2-3DAC-42DB-B224-EA58279D6266}.Ad-Hoc|Any CPU.Deploy.0 = Release|Any CPU
		{43CD3BD2-3DAC-42DB-B224-EA58279D6266}.Ad-Hoc|ARM.ActiveCfg = Release|ARM
		{43CD3BD2-3DAC-42DB-B224-EA58279D6266}.Ad-Hoc|ARM.Build.0 = Release|ARM
		{43CD3BD2-3DAC-42DB-B224-EA58279D6266}.Ad-Hoc|ARM.Deploy.0 = Release|ARM
		{43CD3BD2-3DAC-42DB-B224-EA58279D6266}.Ad-Hoc|iPhone.ActiveCfg = Release|Any CPU
		{43CD3BD2-3DAC-42DB-B224-EA58279D6266}.Ad-Hoc|iPhoneSimulator.ActiveCfg = Release|Any CPU
		{43CD3BD2-3DAC-42DB-B224-EA58279D6266}.Ad-Hoc|Mixed Platforms.ActiveCfg = Release|x86
		{43CD3BD2-3DAC-42DB-B224-EA58279D6266}.Ad-Hoc|Mixed Platforms.Build.0 = Release|x86
		{43CD3BD2-3DAC-42DB-B224-EA58279D6266}.Ad-Hoc|Mixed Platforms.Deploy.0 = Release|x86
		{43CD3BD2-3DAC-42DB-B224-EA58279D6266}.Ad-Hoc|x86.ActiveCfg = Release|x86
		{43CD3BD2-3DAC-42DB-B224-EA58279D6266}.Ad-Hoc|x86.Build.0 = Release|x86
		{43CD3BD2-3DAC-42DB-B224-EA58279D6266}.Ad-Hoc|x86.Deploy.0 = Release|x86
		{43CD3BD2-3DAC-42DB-B224-EA58279D6266}.AppStore|Any CPU.ActiveCfg = Release|Any CPU
		{43CD3BD2-3DAC-42DB-B224-EA58279D6266}.AppStore|Any CPU.Build.0 = Release|Any CPU
		{43CD3BD2-3DAC-42DB-B224-EA58279D6266}.AppStore|Any CPU.Deploy.0 = Release|Any CPU
		{43CD3BD2-3DAC-42DB-B224-EA58279D6266}.AppStore|ARM.ActiveCfg = Release|ARM
		{43CD3BD2-3DAC-42DB-B224-EA58279D6266}.AppStore|ARM.Build.0 = Release|ARM
		{43CD3BD2-3DAC-42DB-B224-EA58279D6266}.AppStore|ARM.Deploy.0 = Release|ARM
		{43CD3BD2-3DAC-42DB-B224-EA58279D6266}.AppStore|iPhone.ActiveCfg = Release|Any CPU
		{43CD3BD2-3DAC-42DB-B224-EA58279D6266}.AppStore|iPhoneSimulator.ActiveCfg = Release|Any CPU
		{43CD3BD2-3DAC-42DB-B224-EA58279D6266}.AppStore|Mixed Platforms.ActiveCfg = Release|x86
		{43CD3BD2-3DAC-42DB-B224-EA58279D6266}.AppStore|Mixed Platforms.Build.0 = Release|x86
		{43CD3BD2-3DAC-42DB-B224-EA58279D6266}.AppStore|Mixed Platforms.Deploy.0 = Release|x86
		{43CD3BD2-3DAC-42DB-B224-EA58279D6266}.AppStore|x86.ActiveCfg = Release|x86
		{43CD3BD2-3DAC-42DB-B224-EA58279D6266}.AppStore|x86.Build.0 = Release|x86
		{43CD3BD2-3DAC-42DB-B224-EA58279D6266}.AppStore|x86.Deploy.0 = Release|x86
		{43CD3BD2-3DAC-42DB-B224-EA58279D6266}.Debug|Any CPU.ActiveCfg = Debug|Any CPU
		{43CD3BD2-3DAC-42DB-B224-EA58279D6266}.Debug|Any CPU.Build.0 = Debug|Any CPU
		{43CD3BD2-3DAC-42DB-B224-EA58279D6266}.Debug|Any CPU.Deploy.0 = Debug|Any CPU
		{43CD3BD2-3DAC-42DB-B224-EA58279D6266}.Debug|ARM.ActiveCfg = Debug|ARM
		{43CD3BD2-3DAC-42DB-B224-EA58279D6266}.Debug|ARM.Build.0 = Debug|ARM
		{43CD3BD2-3DAC-42DB-B224-EA58279D6266}.Debug|ARM.Deploy.0 = Debug|ARM
		{43CD3BD2-3DAC-42DB-B224-EA58279D6266}.Debug|iPhone.ActiveCfg = Debug|Any CPU
		{43CD3BD2-3DAC-42DB-B224-EA58279D6266}.Debug|iPhoneSimulator.ActiveCfg = Debug|Any CPU
		{43CD3BD2-3DAC-42DB-B224-EA58279D6266}.Debug|Mixed Platforms.ActiveCfg = Debug|x86
		{43CD3BD2-3DAC-42DB-B224-EA58279D6266}.Debug|Mixed Platforms.Build.0 = Debug|x86
		{43CD3BD2-3DAC-42DB-B224-EA58279D6266}.Debug|Mixed Platforms.Deploy.0 = Debug|x86
		{43CD3BD2-3DAC-42DB-B224-EA58279D6266}.Debug|x86.ActiveCfg = Debug|x86
		{43CD3BD2-3DAC-42DB-B224-EA58279D6266}.Debug|x86.Build.0 = Debug|x86
		{43CD3BD2-3DAC-42DB-B224-EA58279D6266}.Debug|x86.Deploy.0 = Debug|x86
		{43CD3BD2-3DAC-42DB-B224-EA58279D6266}.Release|Any CPU.ActiveCfg = Release|Any CPU
		{43CD3BD2-3DAC-42DB-B224-EA58279D6266}.Release|Any CPU.Build.0 = Release|Any CPU
		{43CD3BD2-3DAC-42DB-B224-EA58279D6266}.Release|Any CPU.Deploy.0 = Release|Any CPU
		{43CD3BD2-3DAC-42DB-B224-EA58279D6266}.Release|ARM.ActiveCfg = Release|ARM
		{43CD3BD2-3DAC-42DB-B224-EA58279D6266}.Release|ARM.Build.0 = Release|ARM
		{43CD3BD2-3DAC-42DB-B224-EA58279D6266}.Release|ARM.Deploy.0 = Release|ARM
		{43CD3BD2-3DAC-42DB-B224-EA58279D6266}.Release|iPhone.ActiveCfg = Release|Any CPU
		{43CD3BD2-3DAC-42DB-B224-EA58279D6266}.Release|iPhoneSimulator.ActiveCfg = Release|Any CPU
		{43CD3BD2-3DAC-42DB-B224-EA58279D6266}.Release|Mixed Platforms.ActiveCfg = Release|x86
		{43CD3BD2-3DAC-42DB-B224-EA58279D6266}.Release|Mixed Platforms.Build.0 = Release|x86
		{43CD3BD2-3DAC-42DB-B224-EA58279D6266}.Release|Mixed Platforms.Deploy.0 = Release|x86
		{43CD3BD2-3DAC-42DB-B224-EA58279D6266}.Release|x86.ActiveCfg = Release|x86
		{43CD3BD2-3DAC-42DB-B224-EA58279D6266}.Release|x86.Build.0 = Release|x86
		{43CD3BD2-3DAC-42DB-B224-EA58279D6266}.Release|x86.Deploy.0 = Release|x86
	EndGlobalSection
	GlobalSection(SolutionProperties) = preSolution
		HideSolutionNode = FALSE
	EndGlobalSection
EndGlobal
